
Microsoft Visual Studio Solution File, Format Version 12.00
# Visual Studio Version 17
VisualStudioVersion = 17.0.31903.59
MinimumVisualStudioVersion = 10.0.40219.1
Project("{2150E333-8FDC-42A3-9474-1A3956D46DE8}") = "src", "src", "{827E0CD3-B72D-47B6-A68D-7590B98EB39B}"
EndProject
Project("{FAE04EC0-301F-11D3-BF4B-00C04F79EFBC}") = "PavlovBot.Core", "src\PavlovBot.Core\PavlovBot.Core.csproj", "{0F8BB7D9-7236-45C5-A429-32691B6CA01B}"
EndProject
Project("{FAE04EC0-301F-11D3-BF4B-00C04F79EFBC}") = "PavlovBot.Rcon", "src\PavlovBot.Rcon\PavlovBot.Rcon.csproj", "{4010CEEA-B011-4CBA-AC4B-AEE3CEA975D7}"
EndProject
Project("{FAE04EC0-301F-11D3-BF4B-00C04F79EFBC}") = "PavlovBot.Tests", "tests\PavlovBot.Tests\PavlovBot.Tests.csproj", "{D0C7A016-93C7-4F22-B079-AA5253865282}"
EndProject
Project("{2150E333-8FDC-42A3-9474-1A3956D46DE8}") = "tools", "tools", "{07C2787E-EAC7-C090-1BA3-A61EC2A24D84}"
EndProject
Project("{FAE04EC0-301F-11D3-BF4B-00C04F79EFBC}") = "DiffCheck", "tools\DiffCheck\DiffCheck.csproj", "{FD8D0714-AFF1-4A15-BFA4-B64EA86E2A08}"
EndProject
Global
	GlobalSection(SolutionConfigurationPlatforms) = preSolution
		Debug|Any CPU = Debug|Any CPU
		Debug|x64 = Debug|x64
		Debug|x86 = Debug|x86
		Release|Any CPU = Release|Any CPU
		Release|x64 = Release|x64
		Release|x86 = Release|x86
	EndGlobalSection
	GlobalSection(ProjectConfigurationPlatforms) = postSolution
		{0F8BB7D9-7236-45C5-A429-32691B6CA01B}.Debug|Any CPU.ActiveCfg = Debug|Any CPU
		{0F8BB7D9-7236-45C5-A429-32691B6CA01B}.Debug|Any CPU.Build.0 = Debug|Any CPU
		{0F8BB7D9-7236-45C5-A429-32691B6CA01B}.Debug|x64.ActiveCfg = Debug|Any CPU
		{0F8BB7D9-7236-45C5-A429-32691B6CA01B}.Debug|x64.Build.0 = Debug|Any CPU
		{0F8BB7D9-7236-45C5-A429-32691B6CA01B}.Debug|x86.ActiveCfg = Debug|Any CPU
		{0F8BB7D9-7236-45C5-A429-32691B6CA01B}.Debug|x86.Build.0 = Debug|Any CPU
		{0F8BB7D9-7236-45C5-A429-32691B6CA01B}.Release|Any CPU.ActiveCfg = Release|Any CPU
		{0F8BB7D9-7236-45C5-A429-32691B6CA01B}.Release|Any CPU.Build.0 = Release|Any CPU
		{0F8BB7D9-7236-45C5-A429-32691B6CA01B}.Release|x64.ActiveCfg = Release|Any CPU
		{0F8BB7D9-7236-45C5-A429-32691B6CA01B}.Release|x64.Build.0 = Release|Any CPU
		{0F8BB7D9-7236-45C5-A429-32691B6CA01B}.Release|x86.ActiveCfg = Release|Any CPU
		{0F8BB7D9-7236-45C5-A429-32691B6CA01B}.Release|x86.Build.0 = Release|Any CPU
		{4010CEEA-B011-4CBA-AC4B-AEE3CEA975D7}.Debug|Any CPU.ActiveCfg = Debug|Any CPU
		{4010CEEA-B011-4CBA-AC4B-AEE3CEA975D7}.Debug|Any CPU.Build.0 = Debug|Any CPU
		{4010CEEA-B011-4CBA-AC4B-AEE3CEA975D7}.Debug|x64.ActiveCfg = Debug|Any CPU
		{4010CEEA-B011-4CBA-AC4B-AEE3CEA975D7}.Debug|x64.Build.0 = Debug|Any CPU
		{4010CEEA-B011-4CBA-AC4B-AEE3CEA975D7}.Debug|x86.ActiveCfg = Debug|Any CPU
		{4010CEEA-B011-4CBA-AC4B-AEE3CEA975D7}.Debug|x86.Build.0 = Debug|Any CPU
		{4010CEEA-B011-4CBA-AC4B-AEE3CEA975D7}.Release|Any CPU.ActiveCfg = Release|Any CPU
		{4010CEEA-B011-4CBA-AC4B-AEE3CEA975D7}.Release|Any CPU.Build.0 = Release|Any CPU
		{4010CEEA-B011-4CBA-AC4B-AEE3CEA975D7}.Release|x64.ActiveCfg = Release|Any CPU
		{4010CEEA-B011-4CBA-AC4B-AEE3CEA975D7}.Release|x64.Build.0 = Release|Any CPU
		{4010CEEA-B011-4CBA-AC4B-AEE3CEA975D7}.Release|x86.ActiveCfg = Release|Any CPU
		{4010CEEA-B011-4CBA-AC4B-AEE3CEA975D7}.Release|x86.Build.0 = Release|Any CPU
		{D0C7A016-93C7-4F22-B079-AA5253865282}.Debug|Any CPU.ActiveCfg = Debug|Any CPU
		{D0C7A016-93C7-4F22-B079-AA5253865282}.Debug|Any CPU.Build.0 = Debug|Any CPU
		{D0C7A016-93C7-4F22-B079-AA5253865282}.Debug|x64.ActiveCfg = Debug|Any CPU
		{D0C7A016-93C7-4F22-B079-AA5253865282}.Debug|x64.Build.0 = Debug|Any CPU
		{D0C7A016-93C7-4F22-B079-AA5253865282}.Debug|x86.ActiveCfg = Debug|Any CPU
		{D0C7A016-93C7-4F22-B079-AA5253865282}.Debug|x86.Build.0 = Debug|Any CPU
		{D0C7A016-93C7-4F22-B079-AA5253865282}.Release|Any CPU.ActiveCfg = Release|Any CPU
		{D0C7A016-93C7-4F22-B079-AA5253865282}.Release|Any CPU.Build.0 = Release|Any CPU
		{D0C7A016-93C7-4F22-B079-AA5253865282}.Release|x64.ActiveCfg = Release|Any CPU
		{D0C7A016-93C7-4F22-B079-AA5253865282}.Release|x64.Build.0 = Release|Any CPU
		{D0C7A016-93C7-4F22-B079-AA5253865282}.Release|x86.ActiveCfg = Release|Any CPU
		{D0C7A016-93C7-4F22-B079-AA5253865282}.Release|x86.Build.0 = Release|Any CPU
		{FD8D0714-AFF1-4A15-BFA4-B64EA86E2A08}.Debug|Any CPU.ActiveCfg = Debug|Any CPU
		{FD8D0714-AFF1-4A15-BFA4-B64EA86E2A08}.Debug|Any CPU.Build.0 = Debug|Any CPU
		{FD8D0714-AFF1-4A15-BFA4-B64EA86E2A08}.Debug|x64.ActiveCfg = Debug|Any CPU
		{FD8D0714-AFF1-4A15-BFA4-B64EA86E2A08}.Debug|x64.Build.0 = Debug|Any CPU
		{FD8D0714-AFF1-4A15-BFA4-B64EA86E2A08}.Debug|x86.ActiveCfg = Debug|Any CPU
		{FD8D0714-AFF1-4A15-BFA4-B64EA86E2A08}.Debug|x86.Build.0 = Debug|Any CPU
		{FD8D0714-AFF1-4A15-BFA4-B64EA86E2A08}.Release|Any CPU.ActiveCfg = Release|Any CPU
		{FD8D0714-AFF1-4A15-BFA4-B64EA86E2A08}.Release|Any CPU.Build.0 = Release|Any CPU
		{FD8D0714-AFF1-4A15-BFA4-B64EA86E2A08}.Release|x64.ActiveCfg = Release|Any CPU
		{FD8D0714-AFF1-4A15-BFA4-B64EA86E2A08}.Release|x64.Build.0 = Release|Any CPU
		{FD8D0714-AFF1-4A15-BFA4-B64EA86E2A08}.Release|x86.ActiveCfg = Release|Any CPU
		{FD8D0714-AFF1-4A15-BFA4-B64EA86E2A08}.Release|x86.Build.0 = Release|Any CPU
	EndGlobalSection
	GlobalSection(SolutionProperties) = preSolution
		HideSolutionNode = FALSE
	EndGlobalSection
	GlobalSection(NestedProjects) = preSolution
		{0F8BB7D9-7236-45C5-A429-32691B6CA01B} = {827E0CD3-B72D-47B6-A68D-7590B98EB39B}
		{4010CEEA-B011-4CBA-AC4B-AEE3CEA975D7} = {827E0CD3-B72D-47B6-A68D-7590B98EB39B}
		{D0C7A016-93C7-4F22-B079-AA5253865282} = {827E0CD3-B72D-47B6-A68D-7590B98EB39B}
		{FD8D0714-AFF1-4A15-BFA4-B64EA86E2A08} = {07C2787E-EAC7-C090-1BA3-A61EC2A24D84}
	EndGlobalSection
EndGlobal
